
Microsoft Visual Studio Solution File, Format Version 12.00
# Visual Studio Version 16
VisualStudioVersion = 16.0.31702.278
MinimumVisualStudioVersion = 10.0.40219.1
Project("{FAE04EC0-301F-11D3-BF4B-00C04F79EFBC}") = "Find_In_A_Row", "Find_In_A_Row\Find_In_A_Row.csproj", "{7392EBBD-8967-4BFA-B3FC-64AEB5375DF0}"
EndProject
Global
	GlobalSection(SolutionConfigurationPlatforms) = preSolution
		Debug|Any CPU = Debug|Any CPU
		Release|Any CPU = Release|Any CPU
	EndGlobalSection
	GlobalSection(ProjectConfigurationPlatforms) = postSolution
		{7392EBBD-8967-4BFA-B3FC-64AEB5375DF0}.Debug|Any CPU.ActiveCfg = Debug|Any CPU
		{7392EBBD-8967-4BFA-B3FC-64AEB5375DF0}.Debug|Any CPU.Build.0 = Debug|Any CPU
		{7392EBBD-8967-4BFA-B3FC-64AEB5375DF0}.Release|Any CPU.ActiveCfg = Release|Any CPU
		{7392EBBD-8967-4BFA-B3FC-64AEB5375DF0}.Release|Any CPU.Build.0 = Release|Any CPU
	EndGlobalSection
	GlobalSection(SolutionProperties) = preSolution
		HideSolutionNode = FALSE
	EndGlobalSection
	GlobalSection(ExtensibilityGlobals) = postSolution
		SolutionGuid = {EF86B3F1-ADC3-4274-A322-00F6FF73BBB7}
	EndGlobalSection
EndGlobal
